
Microsoft Visual Studio Solution File, Format Version 12.00
# Visual Studio Version 16
VisualStudioVersion = 16.0.29814.53
MinimumVisualStudioVersion = 10.0.40219.1
Project("{FAE04EC0-301F-11D3-BF4B-00C04F79EFBC}") = "Encryption", "Encryption\Encryption.csproj", "{316EFCDB-7936-48B6-864E-A50438220009}"
EndProject
Global
	GlobalSection(SolutionConfigurationPlatforms) = preSolution
		Debug|Any CPU = Debug|Any CPU
		Release|Any CPU = Release|Any CPU
	EndGlobalSection
	GlobalSection(ProjectConfigurationPlatforms) = postSolution
		{316EFCDB-7936-48B6-864E-A50438220009}.Debug|Any CPU.ActiveCfg = Debug|Any CPU
		{316EFCDB-7936-48B6-864E-A50438220009}.Debug|Any CPU.Build.0 = Debug|Any CPU
		{316EFCDB-7936-48B6-864E-A50438220009}.Release|Any CPU.ActiveCfg = Release|Any CPU
		{316EFCDB-7936-48B6-864E-A50438220009}.Release|Any CPU.Build.0 = Release|Any CPU
	EndGlobalSection
	GlobalSection(SolutionProperties) = preSolution
		HideSolutionNode = FALSE
	EndGlobalSection
	GlobalSection(ExtensibilityGlobals) = postSolution
		SolutionGuid = {027E26F9-D9F2-4CD1-B968-A88B7545C2B7}
	EndGlobalSection
EndGlobal
